
Microsoft Visual Studio Solution File, Format Version 12.00
# Visual Studio Version 16
VisualStudioVersion = 16.0.31321.278
MinimumVisualStudioVersion = 10.0.40219.1
Project("{FAE04EC0-301F-11D3-BF4B-00C04F79EFBC}") = "TicTacToe", "TicTacToe\TicTacToe.csproj", "{691CE524-AAF4-422A-B5C6-A05AE56A9DCB}"
EndProject
Global
	GlobalSection(SolutionConfigurationPlatforms) = preSolution
		Debug|Any CPU = Debug|Any CPU
		Release|Any CPU = Release|Any CPU
	EndGlobalSection
	GlobalSection(ProjectConfigurationPlatforms) = postSolution
		{691CE524-AAF4-422A-B5C6-A05AE56A9DCB}.Debug|Any CPU.ActiveCfg = Debug|Any CPU
		{691CE524-AAF4-422A-B5C6-A05AE56A9DCB}.Debug|Any CPU.Build.0 = Debug|Any CPU
		{691CE524-AAF4-422A-B5C6-A05AE56A9DCB}.Release|Any CPU.ActiveCfg = Release|Any CPU
		{691CE524-AAF4-422A-B5C6-A05AE56A9DCB}.Release|Any CPU.Build.0 = Release|Any CPU
	EndGlobalSection
	GlobalSection(SolutionProperties) = preSolution
		HideSolutionNode = FALSE
	EndGlobalSection
	GlobalSection(ExtensibilityGlobals) = postSolution
		SolutionGuid = {607ED6FE-B1F6-4F68-9920-DD5FDA06DC13}
	EndGlobalSection
EndGlobal
